
Microsoft Visual Studio Solution File, Format Version 12.00
# Visual Studio Version 17
VisualStudioVersion = 17.8.34525.116
MinimumVisualStudioVersion = 10.0.40219.1
Project("{9A19103F-16F7-4668-BE54-9A1E7A4F7556}") = "Практическая5", "Практическая5\Практическая5.csproj", "{06302EB3-B2A1-4161-A7B0-E23576B64E57}"
EndProject
Project("{FAE04EC0-301F-11D3-BF4B-00C04F79EFBC}") = "Lib3", "Lib3\Lib3.csproj", "{F54193B4-34B9-4A65-A8F8-82709765EBE6}"
EndProject
Global
	GlobalSection(SolutionConfigurationPlatforms) = preSolution
		Debug|Any CPU = Debug|Any CPU
		Release|Any CPU = Release|Any CPU
	EndGlobalSection
	GlobalSection(ProjectConfigurationPlatforms) = postSolution
		{06302EB3-B2A1-4161-A7B0-E23576B64E57}.Debug|Any CPU.ActiveCfg = Debug|Any CPU
		{06302EB3-B2A1-4161-A7B0-E23576B64E57}.Debug|Any CPU.Build.0 = Debug|Any CPU
		{06302EB3-B2A1-4161-A7B0-E23576B64E57}.Release|Any CPU.ActiveCfg = Release|Any CPU
		{06302EB3-B2A1-4161-A7B0-E23576B64E57}.Release|Any CPU.Build.0 = Release|Any CPU
		{F54193B4-34B9-4A65-A8F8-82709765EBE6}.Debug|Any CPU.ActiveCfg = Debug|Any CPU
		{F54193B4-34B9-4A65-A8F8-82709765EBE6}.Debug|Any CPU.Build.0 = Debug|Any CPU
		{F54193B4-34B9-4A65-A8F8-82709765EBE6}.Release|Any CPU.ActiveCfg = Release|Any CPU
		{F54193B4-34B9-4A65-A8F8-82709765EBE6}.Release|Any CPU.Build.0 = Release|Any CPU
	EndGlobalSection
	GlobalSection(SolutionProperties) = preSolution
		HideSolutionNode = FALSE
	EndGlobalSection
	GlobalSection(ExtensibilityGlobals) = postSolution
		SolutionGuid = {944BC1E1-A1E8-4114-BDBB-5ABBED6CD683}
	EndGlobalSection
EndGlobal
